// !$*UTF8*$!
{
	archiveVersion = 1;
	classes = {
	};
	objectVersion = 46;
	objects = {

/* Begin PBXBuildFile section */
		2EFEF9445054462977D0BC62 /* Pods_Drawtastic.framework in Frameworks */ = {isa = PBXBuildFile; fileRef = A6F3DBC957BE74AA7C55966B /* Pods_Drawtastic.framework */; settings = {ATTRIBUTES = (Weak, ); }; };
		A153147A1B00C48E00ABE1B2 /* AppDelegate.swift in Sources */ = {isa = PBXBuildFile; fileRef = A15314791B00C48E00ABE1B2 /* AppDelegate.swift */; };
		A153147C1B00C48E00ABE1B2 /* DrawingViewController.swift in Sources */ = {isa = PBXBuildFile; fileRef = A153147B1B00C48E00ABE1B2 /* DrawingViewController.swift */; };
		A153147F1B00C48E00ABE1B2 /* Main.storyboard in Resources */ = {isa = PBXBuildFile; fileRef = A153147D1B00C48E00ABE1B2 /* Main.storyboard */; };
		A15314811B00C48E00ABE1B2 /* Images.xcassets in Resources */ = {isa = PBXBuildFile; fileRef = A15314801B00C48E00ABE1B2 /* Images.xcassets */; };
		A15314841B00C48E00ABE1B2 /* LaunchScreen.xib in Resources */ = {isa = PBXBuildFile; fileRef = A15314821B00C48E00ABE1B2 /* LaunchScreen.xib */; };
		A15314901B00C48E00ABE1B2 /* DrawtasticTests.swift in Sources */ = {isa = PBXBuildFile; fileRef = A153148F1B00C48E00ABE1B2 /* DrawtasticTests.swift */; };
		A15314A31B049D6C00ABE1B2 /* JCDrawView.m in Sources */ = {isa = PBXBuildFile; fileRef = A15314A21B049D6C00ABE1B2 /* JCDrawView.m */; };
		A16F6E481B04C2CF009B4228 /* DescribingViewController.swift in Sources */ = {isa = PBXBuildFile; fileRef = A16F6E471B04C2CF009B4228 /* DescribingViewController.swift */; };
		A16F6E4E1B04C962009B4228 /* MenuViewController.swift in Sources */ = {isa = PBXBuildFile; fileRef = A16F6E4D1B04C962009B4228 /* MenuViewController.swift */; };
		A16F6E521B04E04B009B4228 /* MPCManager.swift in Sources */ = {isa = PBXBuildFile; fileRef = A16F6E511B04E04B009B4228 /* MPCManager.swift */; };
		A16F6E541B04E1B9009B4228 /* Player.swift in Sources */ = {isa = PBXBuildFile; fileRef = A16F6E531B04E1B9009B4228 /* Player.swift */; };
		A1D476EB1B0CB57000BAA01A /* UIView+Image.swift in Sources */ = {isa = PBXBuildFile; fileRef = A1D476EA1B0CB57000BAA01A /* UIView+Image.swift */; };
		A1D887BD1B0E15F8000E4C6F /* GameViewController.swift in Sources */ = {isa = PBXBuildFile; fileRef = A1D887BC1B0E15F8000E4C6F /* GameViewController.swift */; };
/* End PBXBuildFile section */

/* Begin PBXContainerItemProxy section */
		A153148A1B00C48E00ABE1B2 /* PBXContainerItemProxy */ = {
			isa = PBXContainerItemProxy;
			containerPortal = A153146C1B00C48D00ABE1B2 /* Project object */;
			proxyType = 1;
			remoteGlobalIDString = A15314731B00C48D00ABE1B2;
			remoteInfo = Drawtastic;
		};
/* End PBXContainerItemProxy section */

/* Begin PBXFileReference section */
		096A6534480558F8B09AA58D /* Pods-Drawtastic.debug.xcconfig */ = {isa = PBXFileReference; includeInIndex = 1; lastKnownFileType = text.xcconfig; name = "Pods-Drawtastic.debug.xcconfig"; path = "Pods/Target Support Files/Pods-Drawtastic/Pods-Drawtastic.debug.xcconfig"; sourceTree = "<group>"; };
		A15314741B00C48D00ABE1B2 /* Drawtastic.app */ = {isa = PBXFileReference; explicitFileType = wrapper.application; includeInIndex = 0; path = Drawtastic.app; sourceTree = BUILT_PRODUCTS_DIR; };
		A15314781B00C48E00ABE1B2 /* Info.plist */ = {isa = PBXFileReference; lastKnownFileType = text.plist.xml; path = Info.plist; sourceTree = "<group>"; };
		A15314791B00C48E00ABE1B2 /* AppDelegate.swift */ = {isa = PBXFileReference; lastKnownFileType = sourcecode.swift; path = AppDelegate.swift; sourceTree = "<group>"; };
		A153147B1B00C48E00ABE1B2 /* DrawingViewController.swift */ = {isa = PBXFileReference; lastKnownFileType = sourcecode.swift; path = DrawingViewController.swift; sourceTree = "<group>"; };
		A153147E1B00C48E00ABE1B2 /* Base */ = {isa = PBXFileReference; lastKnownFileType = file.storyboard; name = Base; path = Base.lproj/Main.storyboard; sourceTree = "<group>"; };
		A15314801B00C48E00ABE1B2 /* Images.xcassets */ = {isa = PBXFileReference; lastKnownFileType = folder.assetcatalog; path = Images.xcassets; sourceTree = "<group>"; };
		A15314831B00C48E00ABE1B2 /* Base */ = {isa = PBXFileReference; lastKnownFileType = file.xib; name = Base; path = Base.lproj/LaunchScreen.xib; sourceTree = "<group>"; };
		A15314891B00C48E00ABE1B2 /* DrawtasticTests.xctest */ = {isa = PBXFileReference; explicitFileType = wrapper.cfbundle; includeInIndex = 0; path = DrawtasticTests.xctest; sourceTree = BUILT_PRODUCTS_DIR; };
		A153148E1B00C48E00ABE1B2 /* Info.plist */ = {isa = PBXFileReference; lastKnownFileType = text.plist.xml; path = Info.plist; sourceTree = "<group>"; };
		A153148F1B00C48E00ABE1B2 /* DrawtasticTests.swift */ = {isa = PBXFileReference; lastKnownFileType = sourcecode.swift; path = DrawtasticTests.swift; sourceTree = "<group>"; };
		A15314991B00C87700ABE1B2 /* README.md */ = {isa = PBXFileReference; lastKnownFileType = net.daringfireball.markdown; path = README.md; sourceTree = SOURCE_ROOT; };
		A153149A1B00D39C00ABE1B2 /* Drawtastic-Bridging-Header.h */ = {isa = PBXFileReference; lastKnownFileType = sourcecode.c.h; path = "Drawtastic-Bridging-Header.h"; sourceTree = "<group>"; };
		A15314A11B049D6C00ABE1B2 /* JCDrawView.h */ = {isa = PBXFileReference; fileEncoding = 4; lastKnownFileType = sourcecode.c.h; path = JCDrawView.h; sourceTree = "<group>"; };
		A15314A21B049D6C00ABE1B2 /* JCDrawView.m */ = {isa = PBXFileReference; fileEncoding = 4; lastKnownFileType = sourcecode.c.objc; path = JCDrawView.m; sourceTree = "<group>"; };
		A16F6E461B04BC1F009B4228 /* LICENSE */ = {isa = PBXFileReference; lastKnownFileType = text; path = LICENSE; sourceTree = SOURCE_ROOT; };
		A16F6E471B04C2CF009B4228 /* DescribingViewController.swift */ = {isa = PBXFileReference; fileEncoding = 4; lastKnownFileType = sourcecode.swift; path = DescribingViewController.swift; sourceTree = "<group>"; };
		A16F6E4D1B04C962009B4228 /* MenuViewController.swift */ = {isa = PBXFileReference; fileEncoding = 4; lastKnownFileType = sourcecode.swift; path = MenuViewController.swift; sourceTree = "<group>"; };
		A16F6E511B04E04B009B4228 /* MPCManager.swift */ = {isa = PBXFileReference; fileEncoding = 4; lastKnownFileType = sourcecode.swift; path = MPCManager.swift; sourceTree = "<group>"; };
		A16F6E531B04E1B9009B4228 /* Player.swift */ = {isa = PBXFileReference; fileEncoding = 4; lastKnownFileType = sourcecode.swift; path = Player.swift; sourceTree = "<group>"; };
		A1D476EA1B0CB57000BAA01A /* UIView+Image.swift */ = {isa = PBXFileReference; fileEncoding = 4; lastKnownFileType = sourcecode.swift; path = "UIView+Image.swift"; sourceTree = "<group>"; };
		A1D887BC1B0E15F8000E4C6F /* GameViewController.swift */ = {isa = PBXFileReference; fileEncoding = 4; lastKnownFileType = sourcecode.swift; path = GameViewController.swift; sourceTree = "<group>"; };
		A6F3DBC957BE74AA7C55966B /* Pods_Drawtastic.framework */ = {isa = PBXFileReference; explicitFileType = wrapper.framework; includeInIndex = 0; path = Pods_Drawtastic.framework; sourceTree = BUILT_PRODUCTS_DIR; };
		F67724F217A1254AFDE309C7 /* Pods-Drawtastic.release.xcconfig */ = {isa = PBXFileReference; includeInIndex = 1; lastKnownFileType = text.xcconfig; name = "Pods-Drawtastic.release.xcconfig"; path = "Pods/Target Support Files/Pods-Drawtastic/Pods-Drawtastic.release.xcconfig"; sourceTree = "<group>"; };
/* End PBXFileReference section */

/* Begin PBXFrameworksBuildPhase section */
		A15314711B00C48D00ABE1B2 /* Frameworks */ = {
			isa = PBXFrameworksBuildPhase;
			buildActionMask = 2147483647;
			files = (
				2EFEF9445054462977D0BC62 /* Pods_Drawtastic.framework in Frameworks */,
			);
			runOnlyForDeploymentPostprocessing = 0;
		};
		A15314861B00C48E00ABE1B2 /* Frameworks */ = {
			isa = PBXFrameworksBuildPhase;
			buildActionMask = 2147483647;
			files = (
			);
			runOnlyForDeploymentPostprocessing = 0;
		};
/* End PBXFrameworksBuildPhase section */

/* Begin PBXGroup section */
		83E18DE42F3B6F5E88A37E4D /* Frameworks */ = {
			isa = PBXGroup;
			children = (
				A6F3DBC957BE74AA7C55966B /* Pods_Drawtastic.framework */,
			);
			name = Frameworks;
			sourceTree = "<group>";
		};
		A153146B1B00C48D00ABE1B2 = {
			isa = PBXGroup;
			children = (
				A15314761B00C48E00ABE1B2 /* Drawtastic */,
				A153148C1B00C48E00ABE1B2 /* DrawtasticTests */,
				A15314751B00C48E00ABE1B2 /* Products */,
				E61F52DC6E310846586ED7C5 /* Pods */,
				83E18DE42F3B6F5E88A37E4D /* Frameworks */,
			);
			sourceTree = "<group>";
		};
		A15314751B00C48E00ABE1B2 /* Products */ = {
			isa = PBXGroup;
			children = (
				A15314741B00C48D00ABE1B2 /* Drawtastic.app */,
				A15314891B00C48E00ABE1B2 /* DrawtasticTests.xctest */,
			);
			name = Products;
			sourceTree = "<group>";
		};
		A15314761B00C48E00ABE1B2 /* Drawtastic */ = {
			isa = PBXGroup;
			children = (
				A16F6E4D1B04C962009B4228 /* MenuViewController.swift */,
				A153147B1B00C48E00ABE1B2 /* DrawingViewController.swift */,
				A1D887BC1B0E15F8000E4C6F /* GameViewController.swift */,
				A16F6E471B04C2CF009B4228 /* DescribingViewController.swift */,
				A16F6E531B04E1B9009B4228 /* Player.swift */,
				A16F6E511B04E04B009B4228 /* MPCManager.swift */,
				A153147D1B00C48E00ABE1B2 /* Main.storyboard */,
				A15314801B00C48E00ABE1B2 /* Images.xcassets */,
				A15314821B00C48E00ABE1B2 /* LaunchScreen.xib */,
				A15314771B00C48E00ABE1B2 /* Supporting Files */,
			);
			path = Drawtastic;
			sourceTree = "<group>";
		};
		A15314771B00C48E00ABE1B2 /* Supporting Files */ = {
			isa = PBXGroup;
			children = (
				A15314791B00C48E00ABE1B2 /* AppDelegate.swift */,
				A15314A01B049D2700ABE1B2 /* Drawing View */,
				A1D476EC1B0CCA4900BAA01A /* Extensions */,
				A153149A1B00D39C00ABE1B2 /* Drawtastic-Bridging-Header.h */,
				A15314781B00C48E00ABE1B2 /* Info.plist */,
				A15314991B00C87700ABE1B2 /* README.md */,
				A16F6E461B04BC1F009B4228 /* LICENSE */,
			);
			name = "Supporting Files";
			sourceTree = "<group>";
		};
		A153148C1B00C48E00ABE1B2 /* DrawtasticTests */ = {
			isa = PBXGroup;
			children = (
				A153148F1B00C48E00ABE1B2 /* DrawtasticTests.swift */,
				A153148D1B00C48E00ABE1B2 /* Supporting Files */,
			);
			path = DrawtasticTests;
			sourceTree = "<group>";
		};
		A153148D1B00C48E00ABE1B2 /* Supporting Files */ = {
			isa = PBXGroup;
			children = (
				A153148E1B00C48E00ABE1B2 /* Info.plist */,
			);
			name = "Supporting Files";
			sourceTree = "<group>";
		};
		A15314A01B049D2700ABE1B2 /* Drawing View */ = {
			isa = PBXGroup;
			children = (
				A15314A11B049D6C00ABE1B2 /* JCDrawView.h */,
				A15314A21B049D6C00ABE1B2 /* JCDrawView.m */,
			);
			name = "Drawing View";
			sourceTree = "<group>";
		};
		A1D476EC1B0CCA4900BAA01A /* Extensions */ = {
			isa = PBXGroup;
			children = (
				A1D476EA1B0CB57000BAA01A /* UIView+Image.swift */,
			);
			name = Extensions;
			sourceTree = "<group>";
		};
		E61F52DC6E310846586ED7C5 /* Pods */ = {
			isa = PBXGroup;
			children = (
				096A6534480558F8B09AA58D /* Pods-Drawtastic.debug.xcconfig */,
				F67724F217A1254AFDE309C7 /* Pods-Drawtastic.release.xcconfig */,
			);
			name = Pods;
			sourceTree = "<group>";
		};
/* End PBXGroup section */

/* Begin PBXNativeTarget section */
		A15314731B00C48D00ABE1B2 /* Drawtastic */ = {
			isa = PBXNativeTarget;
			buildConfigurationList = A15314931B00C48E00ABE1B2 /* Build configuration list for PBXNativeTarget "Drawtastic" */;
			buildPhases = (
				1FC384243D6836F65089FE24 /* Check Pods Manifest.lock */,
				A15314701B00C48D00ABE1B2 /* Sources */,
				A15314711B00C48D00ABE1B2 /* Frameworks */,
				A15314721B00C48D00ABE1B2 /* Resources */,
				C899DCAC5867FB1879D130B4 /* Embed Pods Frameworks */,
				47D12F98AE3B5509437BB818 /* Copy Pods Resources */,
			);
			buildRules = (
			);
			dependencies = (
			);
			name = Drawtastic;
			productName = Drawtastic;
			productReference = A15314741B00C48D00ABE1B2 /* Drawtastic.app */;
			productType = "com.apple.product-type.application";
		};
		A15314881B00C48E00ABE1B2 /* DrawtasticTests */ = {
			isa = PBXNativeTarget;
			buildConfigurationList = A15314961B00C48E00ABE1B2 /* Build configuration list for PBXNativeTarget "DrawtasticTests" */;
			buildPhases = (
				A15314851B00C48E00ABE1B2 /* Sources */,
				A15314861B00C48E00ABE1B2 /* Frameworks */,
				A15314871B00C48E00ABE1B2 /* Resources */,
			);
			buildRules = (
			);
			dependencies = (
				A153148B1B00C48E00ABE1B2 /* PBXTargetDependency */,
			);
			name = DrawtasticTests;
			productName = DrawtasticTests;
			productReference = A15314891B00C48E00ABE1B2 /* DrawtasticTests.xctest */;
			productType = "com.apple.product-type.bundle.unit-test";
		};
/* End PBXNativeTarget section */

/* Begin PBXProject section */
		A153146C1B00C48D00ABE1B2 /* Project object */ = {
			isa = PBXProject;
			attributes = {
				LastUpgradeCheck = 0630;
				ORGANIZATIONNAME = "Andy Reyes";
				TargetAttributes = {
					A15314731B00C48D00ABE1B2 = {
						CreatedOnToolsVersion = 6.3.1;
					};
					A15314881B00C48E00ABE1B2 = {
						CreatedOnToolsVersion = 6.3.1;
						TestTargetID = A15314731B00C48D00ABE1B2;
					};
				};
			};
			buildConfigurationList = A153146F1B00C48D00ABE1B2 /* Build configuration list for PBXProject "Drawtastic" */;
			compatibilityVersion = "Xcode 3.2";
			developmentRegion = English;
			hasScannedForEncodings = 0;
			knownRegions = (
				en,
				Base,
			);
			mainGroup = A153146B1B00C48D00ABE1B2;
			productRefGroup = A15314751B00C48E00ABE1B2 /* Products */;
			projectDirPath = "";
			projectRoot = "";
			targets = (
				A15314731B00C48D00ABE1B2 /* Drawtastic */,
				A15314881B00C48E00ABE1B2 /* DrawtasticTests */,
			);
		};
/* End PBXProject section */

/* Begin PBXResourcesBuildPhase section */
		A15314721B00C48D00ABE1B2 /* Resources */ = {
			isa = PBXResourcesBuildPhase;
			buildActionMask = 2147483647;
			files = (
				A153147F1B00C48E00ABE1B2 /* Main.storyboard in Resources */,
				A15314841B00C48E00ABE1B2 /* LaunchScreen.xib in Resources */,
				A15314811B00C48E00ABE1B2 /* Images.xcassets in Resources */,
			);
			runOnlyForDeploymentPostprocessing = 0;
		};
		A15314871B00C48E00ABE1B2 /* Resources */ = {
			isa = PBXResourcesBuildPhase;
			buildActionMask = 2147483647;
			files = (
			);
			runOnlyForDeploymentPostprocessing = 0;
		};
/* End PBXResourcesBuildPhase section */

/* Begin PBXShellScriptBuildPhase section */
		1FC384243D6836F65089FE24 /* Check Pods Manifest.lock */ = {
			isa = PBXShellScriptBuildPhase;
			buildActionMask = 2147483647;
			files = (
			);
			inputPaths = (
			);
			name = "Check Pods Manifest.lock";
			outputPaths = (
			);
			runOnlyForDeploymentPostprocessing = 0;
			shellPath = /bin/sh;
			shellScript = "diff \"${PODS_ROOT}/../Podfile.lock\" \"${PODS_ROOT}/Manifest.lock\" > /dev/null\nif [[ $? != 0 ]] ; then\n    cat << EOM\nerror: The sandbox is not in sync with the Podfile.lock. Run 'pod install' or update your CocoaPods installation.\nEOM\n    exit 1\nfi\n";
			showEnvVarsInLog = 0;
		};
		47D12F98AE3B5509437BB818 /* Copy Pods Resources */ = {
			isa = PBXShellScriptBuildPhase;
			buildActionMask = 2147483647;
			files = (
			);
			inputPaths = (
			);
			name = "Copy Pods Resources";
			outputPaths = (
			);
			runOnlyForDeploymentPostprocessing = 0;
			shellPath = /bin/sh;
			shellScript = "\"${SRCROOT}/Pods/Target Support Files/Pods-Drawtastic/Pods-Drawtastic-resources.sh\"\n";
			showEnvVarsInLog = 0;
		};
		C899DCAC5867FB1879D130B4 /* Embed Pods Frameworks */ = {
			isa = PBXShellScriptBuildPhase;
			buildActionMask = 2147483647;
			files = (
			);
			inputPaths = (
			);
			name = "Embed Pods Frameworks";
			outputPaths = (
			);
			runOnlyForDeploymentPostprocessing = 0;
			shellPath = /bin/sh;
			shellScript = "\"${SRCROOT}/Pods/Target Support Files/Pods-Drawtastic/Pods-Drawtastic-frameworks.sh\"\n";
			showEnvVarsInLog = 0;
		};
/* End PBXShellScriptBuildPhase section */

/* Begin PBXSourcesBuildPhase section */
		A15314701B00C48D00ABE1B2 /* Sources */ = {
			isa = PBXSourcesBuildPhase;
			buildActionMask = 2147483647;
			files = (
				A153147C1B00C48E00ABE1B2 /* DrawingViewController.swift in Sources */,
				A16F6E4E1B04C962009B4228 /* MenuViewController.swift in Sources */,
				A16F6E521B04E04B009B4228 /* MPCManager.swift in Sources */,
				A15314A31B049D6C00ABE1B2 /* JCDrawView.m in Sources */,
				A1D887BD1B0E15F8000E4C6F /* GameViewController.swift in Sources */,
				A1D476EB1B0CB57000BAA01A /* UIView+Image.swift in Sources */,
				A16F6E541B04E1B9009B4228 /* Player.swift in Sources */,
				A16F6E481B04C2CF009B4228 /* DescribingViewController.swift in Sources */,
				A153147A1B00C48E00ABE1B2 /* AppDelegate.swift in Sources */,
			);
			runOnlyForDeploymentPostprocessing = 0;
		};
		A15314851B00C48E00ABE1B2 /* Sources */ = {
			isa = PBXSourcesBuildPhase;
			buildActionMask = 2147483647;
			files = (
				A15314901B00C48E00ABE1B2 /* DrawtasticTests.swift in Sources */,
			);
			runOnlyForDeploymentPostprocessing = 0;
		};
/* End PBXSourcesBuildPhase section */

/* Begin PBXTargetDependency section */
		A153148B1B00C48E00ABE1B2 /* PBXTargetDependency */ = {
			isa = PBXTargetDependency;
			target = A15314731B00C48D00ABE1B2 /* Drawtastic */;
			targetProxy = A153148A1B00C48E00ABE1B2 /* PBXContainerItemProxy */;
		};
/* End PBXTargetDependency section */

/* Begin PBXVariantGroup section */
		A153147D1B00C48E00ABE1B2 /* Main.storyboard */ = {
			isa = PBXVariantGroup;
			children = (
				A153147E1B00C48E00ABE1B2 /* Base */,
			);
			name = Main.storyboard;
			sourceTree = "<group>";
		};
		A15314821B00C48E00ABE1B2 /* LaunchScreen.xib */ = {
			isa = PBXVariantGroup;
			children = (
				A15314831B00C48E00ABE1B2 /* Base */,
			);
			name = LaunchScreen.xib;
			sourceTree = "<group>";
		};
/* End PBXVariantGroup section */

/* Begin XCBuildConfiguration section */
		A15314911B00C48E00ABE1B2 /* Debug */ = {
			isa = XCBuildConfiguration;
			buildSettings = {
				ALWAYS_SEARCH_USER_PATHS = NO;
				CLANG_CXX_LANGUAGE_STANDARD = "gnu++0x";
				CLANG_CXX_LIBRARY = "libc++";
				CLANG_ENABLE_MODULES = YES;
				CLANG_ENABLE_OBJC_ARC = YES;
				CLANG_WARN_BOOL_CONVERSION = YES;
				CLANG_WARN_CONSTANT_CONVERSION = YES;
				CLANG_WARN_DIRECT_OBJC_ISA_USAGE = YES_ERROR;
				CLANG_WARN_EMPTY_BODY = YES;
				CLANG_WARN_ENUM_CONVERSION = YES;
				CLANG_WARN_INT_CONVERSION = YES;
				CLANG_WARN_OBJC_ROOT_CLASS = YES_ERROR;
				CLANG_WARN_UNREACHABLE_CODE = YES;
				CLANG_WARN__DUPLICATE_METHOD_MATCH = YES;
				"CODE_SIGN_IDENTITY[sdk=iphoneos*]" = "iPhone Developer";
				COPY_PHASE_STRIP = NO;
				DEBUG_INFORMATION_FORMAT = "dwarf-with-dsym";
				ENABLE_STRICT_OBJC_MSGSEND = YES;
				GCC_C_LANGUAGE_STANDARD = gnu99;
				GCC_DYNAMIC_NO_PIC = NO;
				GCC_NO_COMMON_BLOCKS = YES;
				GCC_OPTIMIZATION_LEVEL = 0;
				GCC_PREPROCESSOR_DEFINITIONS = (
					"DEBUG=1",
					"$(inherited)",
				);
				GCC_SYMBOLS_PRIVATE_EXTERN = NO;
				GCC_WARN_64_TO_32_BIT_CONVERSION = YES;
				GCC_WARN_ABOUT_RETURN_TYPE = YES_ERROR;
				GCC_WARN_UNDECLARED_SELECTOR = YES;
				GCC_WARN_UNINITIALIZED_AUTOS = YES_AGGRESSIVE;
				GCC_WARN_UNUSED_FUNCTION = YES;
				GCC_WARN_UNUSED_VARIABLE = YES;
				IPHONEOS_DEPLOYMENT_TARGET = 8.3;
				MTL_ENABLE_DEBUG_INFO = YES;
				ONLY_ACTIVE_ARCH = YES;
				SDKROOT = iphoneos;
				SWIFT_OPTIMIZATION_LEVEL = "-Onone";
				TARGETED_DEVICE_FAMILY = "1,2";
			};
			name = Debug;
		};
		A15314921B00C48E00ABE1B2 /* Release */ = {
			isa = XCBuildConfiguration;
			buildSettings = {
				ALWAYS_SEARCH_USER_PATHS = NO;
				CLANG_CXX_LANGUAGE_STANDARD = "gnu++0x";
				CLANG_CXX_LIBRARY = "libc++";
				CLANG_ENABLE_MODULES = YES;
				CLANG_ENABLE_OBJC_ARC = YES;
				CLANG_WARN_BOOL_CONVERSION = YES;
				CLANG_WARN_CONSTANT_CONVERSION = YES;
				CLANG_WARN_DIRECT_OBJC_ISA_USAGE = YES_ERROR;
				CLANG_WARN_EMPTY_BODY = YES;
				CLANG_WARN_ENUM_CONVERSION = YES;
				CLANG_WARN_INT_CONVERSION = YES;
				CLANG_WARN_OBJC_ROOT_CLASS = YES_ERROR;
				CLANG_WARN_UNREACHABLE_CODE = YES;
				CLANG_WARN__DUPLICATE_METHOD_MATCH = YES;
				"CODE_SIGN_IDENTITY[sdk=iphoneos*]" = "iPhone Developer";
				COPY_PHASE_STRIP = NO;
				DEBUG_INFORMATION_FORMAT = "dwarf-with-dsym";
				ENABLE_NS_ASSERTIONS = NO;
				ENABLE_STRICT_OBJC_MSGSEND = YES;
				GCC_C_LANGUAGE_STANDARD = gnu99;
				GCC_NO_COMMON_BLOCKS = YES;
				GCC_WARN_64_TO_32_BIT_CONVERSION = YES;
				GCC_WARN_ABOUT_RETURN_TYPE = YES_ERROR;
				GCC_WARN_UNDECLARED_SELECTOR = YES;
				GCC_WARN_UNINITIALIZED_AUTOS = YES_AGGRESSIVE;
				GCC_WARN_UNUSED_FUNCTION = YES;
				GCC_WARN_UNUSED_VARIABLE = YES;
				IPHONEOS_DEPLOYMENT_TARGET = 8.3;
				MTL_ENABLE_DEBUG_INFO = NO;
				SDKROOT = iphoneos;
				TARGETED_DEVICE_FAMILY = "1,2";
				VALIDATE_PRODUCT = YES;
			};
			name = Release;
		};
		A15314941B00C48E00ABE1B2 /* Debug */ = {
			isa = XCBuildConfiguration;
			baseConfigurationReference = 096A6534480558F8B09AA58D /* Pods-Drawtastic.debug.xcconfig */;
			buildSettings = {
				ASSETCATALOG_COMPILER_APPICON_NAME = AppIcon;
				CLANG_ENABLE_MODULES = YES;
				DEFINES_MODULE = YES;
				INFOPLIST_FILE = Drawtastic/Info.plist;
				IPHONEOS_DEPLOYMENT_TARGET = 8.0;
				LD_RUNPATH_SEARCH_PATHS = "$(inherited) @executable_path/Frameworks";
				PRODUCT_NAME = "$(TARGET_NAME)";
				SWIFT_OBJC_BRIDGING_HEADER = "Drawtastic/Drawtastic-Bridging-Header.h";
				SWIFT_OPTIMIZATION_LEVEL = "-Onone";
			};
			name = Debug;
		};
		A15314951B00C48E00ABE1B2 /* Release */ = {
			isa = XCBuildConfiguration;
			baseConfigurationReference = F67724F217A1254AFDE309C7 /* Pods-Drawtastic.release.xcconfig */;
			buildSettings = {
				ASSETCATALOG_COMPILER_APPICON_NAME = AppIcon;
				CLANG_ENABLE_MODULES = YES;
				DEFINES_MODULE = YES;
				INFOPLIST_FILE = Drawtastic/Info.plist;
				IPHONEOS_DEPLOYMENT_TARGET = 8.0;
				LD_RUNPATH_SEARCH_PATHS = "$(inherited) @executable_path/Frameworks";
				PRODUCT_NAME = "$(TARGET_NAME)";
				SWIFT_OBJC_BRIDGING_HEADER = "Drawtastic/Drawtastic-Bridging-Header.h";
			};
			name = Release;
		};
		A15314971B00C48E00ABE1B2 /* Debug */ = {
			isa = XCBuildConfiguration;
			buildSettings = {
				BUNDLE_LOADER = "$(TEST_HOST)";
				FRAMEWORK_SEARCH_PATHS = (
					"$(SDKROOT)/Developer/Library/Frameworks",
					"$(inherited)",
				);
				GCC_PREPROCESSOR_DEFINITIONS = (
					"DEBUG=1",
					"$(inherited)",
				);
				INFOPLIST_FILE = DrawtasticTests/Info.plist;
				LD_RUNPATH_SEARCH_PATHS = "$(inherited) @executable_path/Frameworks @loader_path/Frameworks";
				PRODUCT_NAME = "$(TARGET_NAME)";
				TEST_HOST = "$(BUILT_PRODUCTS_DIR)/Drawtastic.app/Drawtastic";
			};
			name = Debug;
		};
		A15314981B00C48E00ABE1B2 /* Release */ = {
			isa = XCBuildConfiguration;
			buildSettings = {
				BUNDLE_LOADER = "$(TEST_HOST)";
				FRAMEWORK_SEARCH_PATHS = (
					"$(SDKROOT)/Developer/Library/Frameworks",
					"$(inherited)",
				);
				INFOPLIST_FILE = DrawtasticTests/Info.plist;
				LD_RUNPATH_SEARCH_PATHS = "$(inherited) @executable_path/Frameworks @loader_path/Frameworks";
				PRODUCT_NAME = "$(TARGET_NAME)";
				TEST_HOST = "$(BUILT_PRODUCTS_DIR)/Drawtastic.app/Drawtastic";
			};
			name = Release;
		};
/* End XCBuildConfiguration section */

/* Begin XCConfigurationList section */
		A153146F1B00C48D00ABE1B2 /* Build configuration list for PBXProject "Drawtastic" */ = {
			isa = XCConfigurationList;
			buildConfigurations = (
				A15314911B00C48E00ABE1B2 /* Debug */,
				A15314921B00C48E00ABE1B2 /* Release */,
			);
			defaultConfigurationIsVisible = 0;
			defaultConfigurationName = Release;
		};
		A15314931B00C48E00ABE1B2 /* Build configuration list for PBXNativeTarget "Drawtastic" */ = {
			isa = XCConfigurationList;
			buildConfigurations = (
				A15314941B00C48E00ABE1B2 /* Debug */,
				A15314951B00C48E00ABE1B2 /* Release */,
			);
			defaultConfigurationIsVisible = 0;
			defaultConfigurationName = Release;
		};
		A15314961B00C48E00ABE1B2 /* Build configuration list for PBXNativeTarget "DrawtasticTests" */ = {
			isa = XCConfigurationList;
			buildConfigurations = (
				A15314971B00C48E00ABE1B2 /* Debug */,
				A15314981B00C48E00ABE1B2 /* Release */,
			);
			defaultConfigurationIsVisible = 0;
			defaultConfigurationName = Release;
		};
/* End XCConfigurationList section */
	};
	rootObject = A153146C1B00C48D00ABE1B2 /* Project object */;
}
